version = 1
revision = 2
requires-python = "==3.13.*"

[[package]]
name = "colorama"
version = "0.4.6"
source = { registry = "https://pypi.org/simple" }
sdist = { url = "https://files.pythonhosted.org/packages/d8/53/6f443c9a4a8358a93a6792e2acffb9d9d5cb0a5cfd8802644b7b1c9a02e4/colorama-0.4.6.tar.gz", hash = "sha256:08695f5cb7ed6e0531a20572697297273c47b8cae5a63ffc6d6ed5c201be6e44", size = 27697, upload-time = "2022-10-25T02:36:22.414Z" }
wheels = [
    { url = "https://files.pythonhosted.org/packages/d1/d6/3965ed04c63042e047cb6a3e6ed1a63a35087b6a609aa3a15ed8ac56c221/colorama-0.4.6-py2.py3-none-any.whl", hash = "sha256:4f1d9991f5acc0ca119f9d443620b77f9d6b33703e51011c16baf57afb285fc6", size = 25335, upload-time = "2022-10-25T02:36:20.889Z" },
]

[[package]]
name = "glcontext"
version = "3.0.0"
source = { registry = "https://pypi.org/simple" }
sdist = { url = "https://files.pythonhosted.org/packages/3a/80/8238a0e6e972292061176141c1028b5e670aa8c94cf4c2f819bd730d314e/glcontext-3.0.0.tar.gz", hash = "sha256:57168edcd38df2fc0d70c318edf6f7e59091fba1cd3dadb289d0aa50449211ef", size = 16422, upload-time = "2024-08-10T20:01:20.004Z" }
wheels = [
    { url = "https://files.pythonhosted.org/packages/12/be/0ef6a6710164fde818040238b041b02a082a2b9d210f18632ab2354d863e/glcontext-3.0.0-cp313-cp313-macosx_10_13_x86_64.whl", hash = "sha256:5bd37089570d3cdb01c6c0b315c49ce8a4dcdab2c431f5ba9f37a8b633cebfdf", size = 9366, upload-time = "2024-08-10T20:00:30.531Z" },
    { url = "https://files.pythonhosted.org/packages/b9/d7/c3220898d72fbf938660ba5789c19cf245d21b45802a5d86cbcc67d66413/glcontext-3.0.0-cp313-cp313-macosx_11_0_arm64.whl", hash = "sha256:857fd83e60f15580afd369dfb651a10d84a70ec35995622d253551bfb3ff9477", size = 9735, upload-time = "2024-08-10T20:00:31.708Z" },
    { url = "https://files.pythonhosted.org/packages/74/c1/2d57062d2f2f6e55c58b12bdeab2a39b209f959df32039d099ecdfe96bf7/glcontext-3.0.0-cp313-cp313-manylinux_2_5_i686.manylinux1_i686.manylinux_2_17_i686.manylinux2014_i686.whl", hash = "sha256:93fda9b378ce6d91f366e83e71ebdafdd167280a9834d1d6341ce6457c4e42ed", size = 50166, upload-time = "2024-08-10T20:00:32.627Z" },
    { url = "https://files.pythonhosted.org/packages/03/4d/7fee00c76d678b06529e939ab6f3e3190af30208fe2e984526899026a437/glcontext-3.0.0-cp313-cp313-manylinux_2_5_x86_64.manylinux1_x86_64.manylinux_2_17_x86_64.manylinux2014_x86_64.whl", hash = "sha256:89ad50d34aa62f03f6aaf6ae39fc27afd1b0eaefb0281aac51f686dc5672d473", size = 51186, upload-time = "2024-08-10T20:00:33.718Z" },
    { url = "https://files.pythonhosted.org/packages/f0/58/dc9a56192b889587e51ea511804bad5dec816de81ce16831db9fe19d5c40/glcontext-3.0.0-cp313-cp313-musllinux_1_2_i686.whl", hash = "sha256:2634d5e9647a6d7b0c5a5c0c57e91ac98aa79759bffb42459af4374b049fab01", size = 44658, upload-time = "2024-08-10T20:00:35.232Z" },
    { url = "https://files.pythonhosted.org/packages/aa/ed/acb12e67589deaa96ad29d6994c2b9383afd18700f4f2a42ff342628aac5/glcontext-3.0.0-cp313-cp313-musllinux_1_2_x86_64.whl", hash = "sha256:0140c5df37cb48271527355062d35589dc3e1e7e73b51adf9962ed5048115f69", size = 46882, upload-time = "2024-08-10T20:00:36.33Z" },
    { url = "https://files.pythonhosted.org/packages/e0/6d/033ba23466d596c945f5f31f5c4e50cba3bc6664fdee58f6ceab54b76f4b/glcontext-3.0.0-cp313-cp313-win32.whl", hash = "sha256:6678e0552b516fa8fe62f500ef2b953bec991e82a003be2a9840d16556d03d2e", size = 12220, upload-time = "2024-08-10T20:00:37.874Z" },
    { url = "https://files.pythonhosted.org/packages/53/b4/f0e0860526b8661ec6ae2b25a15b61100e551f57f488613c564752173a56/glcontext-3.0.0-cp313-cp313-win_amd64.whl", hash = "sha256:18aa4b1df50e8c8ea39bd0f775f39bcc987521f92c4ed019ec7d70078471354d", size = 12971, upload-time = "2024-08-10T20:00:39.233Z" },
]

[[package]]
name = "hypothesis"
version = "6.155.2"
source = { registry = "https://pypi.org/simple" }
dependencies = [
    { name = "sortedcontainers" },
]
sdist = { url = "https://files.pythonhosted.org/packages/f5/04/64032a1dccd2233615c8a3f701bbb563558575ed017496a24b6d81762c91/hypothesis-6.155.2.tar.gz", hash = "sha256:ae36880287c9c5defe9f199d3d2b67d9947a4da2a46e6c57373cbdf2345b20e1", size = 477765, upload-time = "2026-06-05T16:32:23.63Z" }
wheels = [
    { url = "https://files.pythonhosted.org/packages/ec/6e/e735f27ac1a530a4cd0a31cd970ec495a3a11830fdc5d281cc292593b330/hypothesis-6.155.2-py3-none-any.whl", hash = "sha256:c85ce6dcd630a90ce501f1d1dd1bc84b97f5649ca8a27e134c8cbf5aa480b1a5", size = 544213, upload-time = "2026-06-05T16:32:21.15Z" },
]

[[package]]
name = "iniconfig"
version = "2.3.0"
source = { registry = "https://pypi.org/simple" }
sdist = { url = "https://files.pythonhosted.org/packages/72/34/14ca021ce8e5dfedc35312d08ba8bf51fdd999c576889fc2c24cb97f4f10/iniconfig-2.3.0.tar.gz", hash = "sha256:c76315c77db068650d49c5b56314774a7804df16fee4402c1f19d6d15d8c4730", size = 20503, upload-time = "2025-10-18T21:55:43.219Z" }
wheels = [
    { url = "https://files.pythonhosted.org/packages/cb/b1/3846dd7f199d53cb17f49cba7e651e9ce294d8497c8c150530ed11865bb8/iniconfig-2.3.0-py3-none-any.whl", hash = "sha256:f631c04d2c48c52b84d0d0549c99ff3859c98df65b3101406327ecc7d53fbf12", size = 7484, upload-time = "2025-10-18T21:55:41.639Z" },
]

[[package]]
name = "moderngl"
version = "5.12.0"
source = { registry = "https://pypi.org/simple" }
dependencies = [
    { name = "glcontext" },
]
sdist = { url = "https://files.pythonhosted.org/packages/da/52/540e2f8c45060bb2709f56eb5a44ae828dfcc97ccecb342c1a7deb467889/moderngl-5.12.0.tar.gz", hash = "sha256:52936a98ccb2f2e1d6e3cb18528b2919f6831e7e3f924e788b5873badce5129b", size = 193232, upload-time = "2024-10-17T12:36:28.002Z" }
wheels = [
    { url = "https://files.pythonhosted.org/packages/39/13/cf493bdc3cb4f7a6b4fb357e683404dc8a97d19f53d501e4afdd679538e2/moderngl-5.12.0-cp313-cp313-macosx_10_13_x86_64.whl", hash = "sha256:f6efb432f5164f871471d1da36e3a4be9dc3efd7a1e48d0ac6b751e556af5d02", size = 112118, upload-time = "2024-10-17T12:37:14.892Z" },
    { url = "https://files.pythonhosted.org/packages/a9/1f/1d84bba5f42fb19ce240d08d5434fe8e2f34341e68bb9fa89336b6cbdcfc/moderngl-5.12.0-cp313-cp313-macosx_11_0_arm64.whl", hash = "sha256:9b09d8d15b2eaab41c8646a664429ec86af225fa25096758497cd212489d2e1e", size = 109371, upload-time = "2024-10-17T12:37:15.992Z" },
    { url = "https://files.pythonhosted.org/packages/be/ae/bda0b95878e2b36eac66f64d88c08e6c8ea759607f7d40e843a21c2f4f32/moderngl-5.12.0-cp313-cp313-manylinux_2_17_x86_64.manylinux2014_x86_64.whl", hash = "sha256:071042dd4846e58cbe204cf49341b62cd209fdcb6d48018feb5a61c66707fcb2", size = 296206, upload-time = "2024-10-17T12:37:17.204Z" },
    { url = "https://files.pythonhosted.org/packages/28/bc/93dc73251bcdb9c0f6f5c9a1d97ec2134672c307c68e6106948eab1f73d4/moderngl-5.12.0-cp313-cp313-manylinux_2_5_i686.manylinux1_i686.manylinux_2_17_i686.manylinux2014_i686.whl", hash = "sha256:91db8302ac7f5d7a82a967388677e1378ff078f1e16d05da37ce77f4633b93b1", size = 270443, upload-time = "2024-10-17T12:37:18.44Z" },
    { url = "https://files.pythonhosted.org/packages/2e/a1/bd72c788b16c2392d3e1ebb570e56d7f871eaa1854f57917c0f131acb365/moderngl-5.12.0-cp313-cp313-musllinux_1_2_i686.whl", hash = "sha256:51971d65ec96a212a814350c8b324ae0754353e1b61826d1a06aa2d060df170e", size = 1345675, upload-time = "2024-10-17T12:37:20.077Z" },
    { url = "https://files.pythonhosted.org/packages/b2/ec/6aff8fa267d9f80e4d32b7a606fdf9f0563103441a7dbaa4f53e272a4ada/moderngl-5.12.0-cp313-cp313-musllinux_1_2_x86_64.whl", hash = "sha256:d56827360c19e831e986243b5daaf6a51006f1ec0d5372084ad446308763d19f", size = 1274906, upload-time = "2024-10-17T12:37:22.372Z" },
    { url = "https://files.pythonhosted.org/packages/9f/4d/dc3ff763c125080e71b1095875f5dcc80949402019abc073bdfdbed1f4c2/moderngl-5.12.0-cp313-cp313-win32.whl", hash = "sha256:caa432c12b138a6c9571719075c4d103bdc2504cd31aeda38a00ad10fcf268cb", size = 101215, upload-time = "2024-10-17T12:37:23.833Z" },
    { url = "https://files.pythonhosted.org/packages/2c/8b/0a264732e0ee49fca109e98ec28f4d0c326ffc31466aa6e9668e8961aabb/moderngl-5.12.0-cp313-cp313-win_amd64.whl", hash = "sha256:e34d1cd38f7998258f76a08bb5e87f351ec653b7ea1928b2711f8719c10cefd1", size = 108514, upload-time = "2024-10-17T12:37:25.304Z" },
]

[[package]]
name = "nodeenv"
version = "1.10.0"
source = { registry = "https://pypi.org/simple" }
sdist = { url = "https://files.pythonhosted.org/packages/24/bf/d1bda4f6168e0b2e9e5958945e01910052158313224ada5ce1fb2e1113b8/nodeenv-1.10.0.tar.gz", hash = "sha256:996c191ad80897d076bdfba80a41994c2b47c68e224c542b48feba42ba00f8bb", size = 55611, upload-time = "2025-12-20T14:08:54.006Z" }
wheels = [
    { url = "https://files.pythonhosted.org/packages/88/b2/d0896bdcdc8d28a7fc5717c305f1a861c26e18c05047949fb371034d98bd/nodeenv-1.10.0-py2.py3-none-any.whl", hash = "sha256:5bb13e3eed2923615535339b3c620e76779af4cb4c6a90deccc9e36b274d3827", size = 23438, upload-time = "2025-12-20T14:08:52.782Z" },
]

[[package]]
name = "numpy"
version = "2.4.6"
source = { registry = "https://pypi.org/simple" }
sdist = { url = "https://files.pythonhosted.org/packages/d0/ad/fed0499ce6a338d2a03ebae59cd15093910c8875328855781952abf6c2fe/numpy-2.4.6.tar.gz", hash = "sha256:f3a3570c4a2a16746ac2c31a7c7c7b0c186b95ce902e33db6f28094ed7387dda", size = 20735807, upload-time = "2026-05-18T23:37:14.07Z" }
wheels = [
    { url = "https://files.pythonhosted.org/packages/fb/82/bdab26d7438c6791ca31b7c024ca37c1eab8b726ba236129005cd4a06e45/numpy-2.4.6-cp313-cp313-macosx_10_13_x86_64.whl", hash = "sha256:511dbaf848decaaaf4b4ca48032619fb3138710c4bf7da7617765edad1ef96b0", size = 16684648, upload-time = "2026-05-18T23:34:29.41Z" },
    { url = "https://files.pythonhosted.org/packages/1b/30/a80189bcc7f5e4258b3fbc3968d909d1756f54d023299ecc39ad6fdb9ef8/numpy-2.4.6-cp313-cp313-macosx_11_0_arm64.whl", hash = "sha256:bf162abab1c1a736333192707cef898e735a5ca00f38f27eeedf44b39d9e85eb", size = 14693902, upload-time = "2026-05-18T23:34:33.013Z" },
    { url = "https://files.pythonhosted.org/packages/97/12/70b5d0d7c15e1ebb8a6a84a8caa1d19e181d84fb58bb6d70aca29099dec1/numpy-2.4.6-cp313-cp313-macosx_14_0_arm64.whl", hash = "sha256:043191bfa8eab18c776647b62723ac9dddece59743b13f49b2016094129c2b3f", size = 5198992, upload-time = "2026-05-18T23:34:36.132Z" },
    { url = "https://files.pythonhosted.org/packages/ba/8c/ebd2a8f8a83541f8d38cc5667e8c2b69cecfd30da6e45693e8158857d44b/numpy-2.4.6-cp313-cp313-macosx_14_0_x86_64.whl", hash = "sha256:6180d8b35af935aed8ece3a85e0a43f87393ae0ac87c8d2c8bd2c993f7270ef3", size = 6546944, upload-time = "2026-05-18T23:34:38.484Z" },
    { url = "https://files.pythonhosted.org/packages/bb/c5/7b863a97a91671a0338f4253bd3b5a3d3852f0692dae91711c9f4a10e787/numpy-2.4.6-cp313-cp313-manylinux_2_27_aarch64.manylinux_2_28_aarch64.whl", hash = "sha256:72fbe16c6fac95aedf5937fa873445cec2110be35d8a4e9433d7501fd98dae6b", size = 15669392, upload-time = "2026-05-18T23:34:41.257Z" },
    { url = "https://files.pythonhosted.org/packages/a5/9d/3584b9984ca4c047aea75214ce1a4c4c73d849bd71b604264b7f5653f8a8/numpy-2.4.6-cp313-cp313-manylinux_2_27_x86_64.manylinux_2_28_x86_64.whl", hash = "sha256:a7830bab239b79cda9c08c2da014761cafb48da6150e1da17ac06283f43b6089", size = 16633220, upload-time = "2026-05-18T23:34:45.075Z" },
    { url = "https://files.pythonhosted.org/packages/05/ae/7c67fba23bd98caec7c99261f3a16072ade14813486b0282cb29846de832/numpy-2.4.6-cp313-cp313-musllinux_1_2_aarch64.whl", hash = "sha256:ef4aea96ce4d3b074422cb4f2f64e216bf9e213004bb58ecfdf50ea02ea8eb9a", size = 17020800, upload-time = "2026-05-18T23:34:49.065Z" },
    { url = "https://files.pythonhosted.org/packages/d9/5d/3b6725cb31d983c5e66916f5d36f6d7e5521129e4c4404d64f918292a5b6/numpy-2.4.6-cp313-cp313-musllinux_1_2_x86_64.whl", hash = "sha256:dfa20cc6ca228e6b155b11da03825975ce66aea520985dbbddf0f2a5a495c605", size = 18357600, upload-time = "2026-05-18T23:34:52.709Z" },
    { url = "https://files.pythonhosted.org/packages/f7/da/2ccc6c2fe8898dee01d90c75c5f5f914a23daf99e3e0f59516a08760c8b5/numpy-2.4.6-cp313-cp313-win32.whl", hash = "sha256:56b39e5e0622a09a25bf5baf62f4bcf0cb8a41ae6e2819cf49bbc5a74c083f91", size = 5961134, upload-time = "2026-05-18T23:34:55.618Z" },
    { url = "https://files.pythonhosted.org/packages/b5/cd/9cc4dc876fb065d5c220aae4d5e14826b2715331bb7618ce1fb07a679d99/numpy-2.4.6-cp313-cp313-win_amd64.whl", hash = "sha256:c4fc99836233ea196540b17ab0983aff60ed07941751930f5f4d05bc3b3b7359", size = 12318598, upload-time = "2026-05-18T23:34:58.928Z" },
    { url = "https://files.pythonhosted.org/packages/39/1e/c0bcba1f8694116485fe28fd1be698c278fcda4141c5b0e53a2aed8b12a8/numpy-2.4.6-cp313-cp313-win_arm64.whl", hash = "sha256:a7c711e21628b52034bb5ab8d1bce291f752fcc5e92accc615778acee1ff4778", size = 10222272, upload-time = "2026-05-18T23:35:02.167Z" },
    { url = "https://files.pythonhosted.org/packages/63/6d/cc5619247c8f4204e507f5883528372e4ac4bb189e579fb859a12e480b1f/numpy-2.4.6-cp313-cp313t-macosx_11_0_arm64.whl", hash = "sha256:112b06a867b235ef466ed3508ddf0238050df9c727cafb5301ac385b899189a1", size = 14821197, upload-time = "2026-05-18T23:35:05.468Z" },
    { url = "https://files.pythonhosted.org/packages/00/58/f1c39161c87d9e9bed660f1ed4bafc0e403d5ec9650b6dd77aead07d489b/numpy-2.4.6-cp313-cp313t-macosx_14_0_arm64.whl", hash = "sha256:eaf7fa2de5c0be8ae6ff8e9bea2ccd725e980541244521d8d4b5f3354a27babe", size = 5326287, upload-time = "2026-05-18T23:35:08.693Z" },
    { url = "https://files.pythonhosted.org/packages/af/57/3917ab0fd97f271a8694513581b8a36c655f111c446852c302f04ccdb6fc/numpy-2.4.6-cp313-cp313t-macosx_14_0_x86_64.whl", hash = "sha256:7265a2f3d436e54ef9f2b52b5c937e6be778781bd97a590319d7348f1c1ca997", size = 6646763, upload-time = "2026-05-18T23:35:11.459Z" },
    { url = "https://files.pythonhosted.org/packages/eb/0f/037e64c494b67581ae18193d770adef354c41f3f2c8ebf865602d949bf8f/numpy-2.4.6-cp313-cp313t-manylinux_2_27_aarch64.manylinux_2_28_aarch64.whl", hash = "sha256:f74a575920ab21fe304421a3fc28793d82e299cae9eccb37084e9fc7f3617c20", size = 15728070, upload-time = "2026-05-18T23:35:14.79Z" },
    { url = "https://files.pythonhosted.org/packages/21/a6/5d2bae9c9542eb4df16dc9c46dc79c186e9bad53805dfa5399a6023c6db0/numpy-2.4.6-cp313-cp313t-manylinux_2_27_x86_64.manylinux_2_28_x86_64.whl", hash = "sha256:ede83e07a75dd06bc501566c1eca2afc0d61677c1472ac9ad93fdee6e638a48d", size = 16681752, upload-time = "2026-05-18T23:35:18.836Z" },
    { url = "https://files.pythonhosted.org/packages/92/14/23d1dfb410ae362cd59ce53e936b1513d545eb40db3949ced632e19a459e/numpy-2.4.6-cp313-cp313t-musllinux_1_2_aarch64.whl", hash = "sha256:68bb27509ac1b9a3443094260f6326150663b06abe40b73a2f81160623da5b67", size = 17086024, upload-time = "2026-05-18T23:35:22.52Z" },
    { url = "https://files.pythonhosted.org/packages/4b/6e/23595a2c642cdf3bc567877064bdd7f91c8b0038a4453cf2daf7248eafe9/numpy-2.4.6-cp313-cp313t-musllinux_1_2_x86_64.whl", hash = "sha256:a0df0043bdb289bde1f62da130d20df23d58b45429f752bc7a8fc5325a225ecd", size = 18403398, upload-time = "2026-05-18T23:35:26.398Z" },
    { url = "https://files.pythonhosted.org/packages/8a/90/0ac3bc947217e66dec77e7cbc6a1979d1af70b6461b82f620d3bccd5e4c8/numpy-2.4.6-cp313-cp313t-win32.whl", hash = "sha256:29a287e0cf63ff528da061de6b9f64a4618da591ca1046aafc54062e40ca7eab", size = 6084971, upload-time = "2026-05-18T23:35:29.387Z" },
    { url = "https://files.pythonhosted.org/packages/77/71/5673e351671a1d2bd6063b91b44f70c0affea7d1516fa7a6572941ba4aa1/numpy-2.4.6-cp313-cp313t-win_amd64.whl", hash = "sha256:25c692919ac5a01f170a3bfcd62d745b24fd095c353d50812637d6fcab442e75", size = 12458532, upload-time = "2026-05-18T23:35:32.175Z" },
    { url = "https://files.pythonhosted.org/packages/3f/88/19d3503c5046e688f049274b27a3ef3d771152fa80d3ba3d01a3dff61abe/numpy-2.4.6-cp313-cp313t-win_arm64.whl", hash = "sha256:1e978ec1e8bd0e0e4de6bb75de9d30cbb74db6b6a2bb727618613703ca0167dd", size = 10291881, upload-time = "2026-05-18T23:35:35.465Z" },
]

[[package]]
name = "packaging"
version = "26.2"
source = { registry = "https://pypi.org/simple" }
sdist = { url = "https://files.pythonhosted.org/packages/d7/f1/e7a6dd94a8d4a5626c03e4e99c87f241ba9e350cd9e6d75123f992427270/packaging-26.2.tar.gz", hash = "sha256:ff452ff5a3e828ce110190feff1178bb1f2ea2281fa2075aadb987c2fb221661", size = 228134, upload-time = "2026-04-24T20:15:23.917Z" }
wheels = [
    { url = "https://files.pythonhosted.org/packages/df/b2/87e62e8c3e2f4b32e5fe99e0b86d576da1312593b39f47d8ceef365e95ed/packaging-26.2-py3-none-any.whl", hash = "sha256:5fc45236b9446107ff2415ce77c807cee2862cb6fac22b8a73826d0693b0980e", size = 100195, upload-time = "2026-04-24T20:15:22.081Z" },
]

[[package]]
name = "pillow"
version = "11.3.0"
source = { registry = "https://pypi.org/simple" }
sdist = { url = "https://files.pythonhosted.org/packages/f3/0d/d0d6dea55cd152ce3d6767bb38a8fc10e33796ba4ba210cbab9354b6d238/pillow-11.3.0.tar.gz", hash = "sha256:3828ee7586cd0b2091b6209e5ad53e20d0649bbe87164a459d0676e035e8f523", size = 47113069, upload-time = "2025-07-01T09:16:30.666Z" }
wheels = [
    { url = "https://files.pythonhosted.org/packages/1e/93/0952f2ed8db3a5a4c7a11f91965d6184ebc8cd7cbb7941a260d5f018cd2d/pillow-11.3.0-cp313-cp313-ios_13_0_arm64_iphoneos.whl", hash = "sha256:1c627742b539bba4309df89171356fcb3cc5a9178355b2727d1b74a6cf155fbd", size = 2128328, upload-time = "2025-07-01T09:14:35.276Z" },
    { url = "https://files.pythonhosted.org/packages/4b/e8/100c3d114b1a0bf4042f27e0f87d2f25e857e838034e98ca98fe7b8c0a9c/pillow-11.3.0-cp313-cp313-ios_13_0_arm64_iphonesimulator.whl", hash = "sha256:30b7c02f3899d10f13d7a48163c8969e4e653f8b43416d23d13d1bbfdc93b9f8", size = 2170652, upload-time = "2025-07-01T09:14:37.203Z" },
    { url = "https://files.pythonhosted.org/packages/aa/86/3f758a28a6e381758545f7cdb4942e1cb79abd271bea932998fc0db93cb6/pillow-11.3.0-cp313-cp313-ios_13_0_x86_64_iphonesimulator.whl", hash = "sha256:7859a4cc7c9295f5838015d8cc0a9c215b77e43d07a25e460f35cf516df8626f", size = 2227443, upload-time = "2025-07-01T09:14:39.344Z" },
    { url = "https://files.pythonhosted.org/packages/01/f4/91d5b3ffa718df2f53b0dc109877993e511f4fd055d7e9508682e8aba092/pillow-11.3.0-cp313-cp313-macosx_10_13_x86_64.whl", hash = "sha256:ec1ee50470b0d050984394423d96325b744d55c701a439d2bd66089bff963d3c", size = 5278474, upload-time = "2025-07-01T09:14:41.843Z" },
    { url = "https://files.pythonhosted.org/packages/f9/0e/37d7d3eca6c879fbd9dba21268427dffda1ab00d4eb05b32923d4fbe3b12/pillow-11.3.0-cp313-cp313-macosx_11_0_arm64.whl", hash = "sha256:7db51d222548ccfd274e4572fdbf3e810a5e66b00608862f947b163e613b67dd", size = 4686038, upload-time = "2025-07-01T09:14:44.008Z" },
    { url = "https://files.pythonhosted.org/packages/ff/b0/3426e5c7f6565e752d81221af9d3676fdbb4f352317ceafd42899aaf5d8a/pillow-11.3.0-cp313-cp313-manylinux2014_aarch64.manylinux_2_17_aarch64.whl", hash = "sha256:2d6fcc902a24ac74495df63faad1884282239265c6839a0a6416d33faedfae7e", size = 5864407, upload-time = "2025-07-03T13:10:15.628Z" },
    { url = "https://files.pythonhosted.org/packages/fc/c1/c6c423134229f2a221ee53f838d4be9d82bab86f7e2f8e75e47b6bf6cd77/pillow-11.3.0-cp313-cp313-manylinux2014_x86_64.manylinux_2_17_x86_64.whl", hash = "sha256:f0f5d8f4a08090c6d6d578351a2b91acf519a54986c055af27e7a93feae6d3f1", size = 7639094, upload-time = "2025-07-03T13:10:21.857Z" },
    { url = "https://files.pythonhosted.org/packages/ba/c9/09e6746630fe6372c67c648ff9deae52a2bc20897d51fa293571977ceb5d/pillow-11.3.0-cp313-cp313-manylinux_2_27_aarch64.manylinux_2_28_aarch64.whl", hash = "sha256:c37d8ba9411d6003bba9e518db0db0c58a680ab9fe5179f040b0463644bc9805", size = 5973503, upload-time = "2025-07-01T09:14:45.698Z" },
    { url = "https://files.pythonhosted.org/packages/d5/1c/a2a29649c0b1983d3ef57ee87a66487fdeb45132df66ab30dd37f7dbe162/pillow-11.3.0-cp313-cp313-manylinux_2_27_x86_64.manylinux_2_28_x86_64.whl", hash = "sha256:13f87d581e71d9189ab21fe0efb5a23e9f28552d5be6979e84001d3b8505abe8", size = 6642574, upload-time = "2025-07-01T09:14:47.415Z" },
    { url = "https://files.pythonhosted.org/packages/36/de/d5cc31cc4b055b6c6fd990e3e7f0f8aaf36229a2698501bcb0cdf67c7146/pillow-11.3.0-cp313-cp313-musllinux_1_2_aarch64.whl", hash = "sha256:023f6d2d11784a465f09fd09a34b150ea4672e85fb3d05931d89f373ab14abb2", size = 6084060, upload-time = "2025-07-01T09:14:49.636Z" },
    { url = "https://files.pythonhosted.org/packages/d5/ea/502d938cbaeec836ac28a9b730193716f0114c41325db428e6b280513f09/pillow-11.3.0-cp313-cp313-musllinux_1_2_x86_64.whl", hash = "sha256:45dfc51ac5975b938e9809451c51734124e73b04d0f0ac621649821a63852e7b", size = 6721407, upload-time = "2025-07-01T09:14:51.962Z" },
    { url = "https://files.pythonhosted.org/packages/45/9c/9c5e2a73f125f6cbc59cc7087c8f2d649a7ae453f83bd0362ff7c9e2aee2/pillow-11.3.0-cp313-cp313-win32.whl", hash = "sha256:a4d336baed65d50d37b88ca5b60c0fa9d81e3a87d4a7930d3880d1624d5b31f3", size = 6273841, upload-time = "2025-07-01T09:14:54.142Z" },
    { url = "https://files.pythonhosted.org/packages/23/85/397c73524e0cd212067e0c969aa245b01d50183439550d24d9f55781b776/pillow-11.3.0-cp313-cp313-win_amd64.whl", hash = "sha256:0bce5c4fd0921f99d2e858dc4d4d64193407e1b99478bc5cacecba2311abde51", size = 6978450, upload-time = "2025-07-01T09:14:56.436Z" },
    { url = "https://files.pythonhosted.org/packages/17/d2/622f4547f69cd173955194b78e4d19ca4935a1b0f03a302d655c9f6aae65/pillow-11.3.0-cp313-cp313-win_arm64.whl", hash = "sha256:1904e1264881f682f02b7f8167935cce37bc97db457f8e7849dc3a6a52b99580", size = 2423055, upload-time = "2025-07-01T09:14:58.072Z" },
    { url = "https://files.pythonhosted.org/packages/dd/80/a8a2ac21dda2e82480852978416cfacd439a4b490a501a288ecf4fe2532d/pillow-11.3.0-cp313-cp313t-macosx_10_13_x86_64.whl", hash = "sha256:4c834a3921375c48ee6b9624061076bc0a32a60b5532b322cc0ea64e639dd50e", size = 5281110, upload-time = "2025-07-01T09:14:59.79Z" },
    { url = "https://files.pythonhosted.org/packages/44/d6/b79754ca790f315918732e18f82a8146d33bcd7f4494380457ea89eb883d/pillow-11.3.0-cp313-cp313t-macosx_11_0_arm64.whl", hash = "sha256:5e05688ccef30ea69b9317a9ead994b93975104a677a36a8ed8106be9260aa6d", size = 4689547, upload-time = "2025-07-01T09:15:01.648Z" },
    { url = "https://files.pythonhosted.org/packages/49/20/716b8717d331150cb00f7fdd78169c01e8e0c219732a78b0e59b6bdb2fd6/pillow-11.3.0-cp313-cp313t-manylinux2014_aarch64.manylinux_2_17_aarch64.whl", hash = "sha256:1019b04af07fc0163e2810167918cb5add8d74674b6267616021ab558dc98ced", size = 5901554, upload-time = "2025-07-03T13:10:27.018Z" },
    { url = "https://files.pythonhosted.org/packages/74/cf/a9f3a2514a65bb071075063a96f0a5cf949c2f2fce683c15ccc83b1c1cab/pillow-11.3.0-cp313-cp313t-manylinux2014_x86_64.manylinux_2_17_x86_64.whl", hash = "sha256:f944255db153ebb2b19c51fe85dd99ef0ce494123f21b9db4877ffdfc5590c7c", size = 7669132, upload-time = "2025-07-03T13:10:33.01Z" },
    { url = "https://files.pythonhosted.org/packages/98/3c/da78805cbdbee9cb43efe8261dd7cc0b4b93f2ac79b676c03159e9db2187/pillow-11.3.0-cp313-cp313t-manylinux_2_27_aarch64.manylinux_2_28_aarch64.whl", hash = "sha256:1f85acb69adf2aaee8b7da124efebbdb959a104db34d3a2cb0f3793dbae422a8", size = 6005001, upload-time = "2025-07-01T09:15:03.365Z" },
    { url = "https://files.pythonhosted.org/packages/6c/fa/ce044b91faecf30e635321351bba32bab5a7e034c60187fe9698191aef4f/pillow-11.3.0-cp313-cp313t-manylinux_2_27_x86_64.manylinux_2_28_x86_64.whl", hash = "sha256:05f6ecbeff5005399bb48d198f098a9b4b6bdf27b8487c7f38ca16eeb070cd59", size = 6668814, upload-time = "2025-07-01T09:15:05.655Z" },
    { url = "https://files.pythonhosted.org/packages/7b/51/90f9291406d09bf93686434f9183aba27b831c10c87746ff49f127ee80cb/pillow-11.3.0-cp313-cp313t-musllinux_1_2_aarch64.whl", hash = "sha256:a7bc6e6fd0395bc052f16b1a8670859964dbd7003bd0af2ff08342eb6e442cfe", size = 6113124, upload-time = "2025-07-01T09:15:07.358Z" },
    { url = "https://files.pythonhosted.org/packages/cd/5a/6fec59b1dfb619234f7636d4157d11fb4e196caeee220232a8d2ec48488d/pillow-11.3.0-cp313-cp313t-musllinux_1_2_x86_64.whl", hash = "sha256:83e1b0161c9d148125083a35c1c5a89db5b7054834fd4387499e06552035236c", size = 6747186, upload-time = "2025-07-01T09:15:09.317Z" },
    { url = "https://files.pythonhosted.org/packages/49/6b/00187a044f98255225f172de653941e61da37104a9ea60e4f6887717e2b5/pillow-11.3.0-cp313-cp313t-win32.whl", hash = "sha256:2a3117c06b8fb646639dce83694f2f9eac405472713fcb1ae887469c0d4f6788", size = 6277546, upload-time = "2025-07-01T09:15:11.311Z" },
    { url = "https://files.pythonhosted.org/packages/e8/5c/6caaba7e261c0d75bab23be79f1d06b5ad2a2ae49f028ccec801b0e853d6/pillow-11.3.0-cp313-cp313t-win_amd64.whl", hash = "sha256:857844335c95bea93fb39e0fa2726b4d9d758850b34075a7e3ff4f4fa3aa3b31", size = 6985102, upload-time = "2025-07-01T09:15:13.164Z" },
    { url = "https://files.pythonhosted.org/packages/f3/7e/b623008460c09a0cb38263c93b828c666493caee2eb34ff67f778b87e58c/pillow-11.3.0-cp313-cp313t-win_arm64.whl", hash = "sha256:8797edc41f3e8536ae4b10897ee2f637235c94f27404cac7297f7b607dd0716e", size = 2424803, upload-time = "2025-07-01T09:15:15.695Z" },
]

[[package]]
name = "pluggy"
version = "1.6.0"
source = { registry = "https://pypi.org/simple" }
sdist = { url = "https://files.pythonhosted.org/packages/f9/e2/3e91f31a7d2b083fe6ef3fa267035b518369d9511ffab804f839851d2779/pluggy-1.6.0.tar.gz", hash = "sha256:7dcc130b76258d33b90f61b658791dede3486c3e6bfb003ee5c9bfb396dd22f3", size = 69412, upload-time = "2025-05-15T12:30:07.975Z" }
wheels = [
    { url = "https://files.pythonhosted.org/packages/54/20/4d324d65cc6d9205fabedc306948156824eb9f0ee1633355a8f7ec5c66bf/pluggy-1.6.0-py3-none-any.whl", hash = "sha256:e920276dd6813095e9377c0bc5566d94c932c33b27a3e3945d8389c374dd4746", size = 20538, upload-time = "2025-05-15T12:30:06.134Z" },
]

[[package]]
name = "pyglet"
version = "2.1.14"
source = { registry = "https://pypi.org/simple" }
sdist = { url = "https://files.pythonhosted.org/packages/e8/a6/ffd78b2d05a820ced85baa11210b8e5d0db0d951767021150be0a231df00/pyglet-2.1.14.tar.gz", hash = "sha256:feb3fba05a85f50f793688d88ddfbcdc57044d971f2d8d2107eb7578eb4af51e", size = 6595146, upload-time = "2026-04-05T08:24:35.549Z" }
wheels = [
    { url = "https://files.pythonhosted.org/packages/ae/d4/789d34a4674a4ccc0b65ad54d0f963f873d39000c3ebed0880574d5437e5/pyglet-2.1.14-py3-none-any.whl", hash = "sha256:70febf03f206607103e1f9806527019c589002626937aecdca4d095ce0a4b9b0", size = 1032928, upload-time = "2026-04-05T08:24:29.068Z" },
]

[[package]]
name = "pygments"
version = "2.20.0"
source = { registry = "https://pypi.org/simple" }
sdist = { url = "https://files.pythonhosted.org/packages/c3/b2/bc9c9196916376152d655522fdcebac55e66de6603a76a02bca1b6414f6c/pygments-2.20.0.tar.gz", hash = "sha256:6757cd03768053ff99f3039c1a36d6c0aa0b263438fcab17520b30a303a82b5f", size = 4955991, upload-time = "2026-03-29T13:29:33.898Z" }
wheels = [
    { url = "https://files.pythonhosted.org/packages/f4/7e/a72dd26f3b0f4f2bf1dd8923c85f7ceb43172af56d63c7383eb62b332364/pygments-2.20.0-py3-none-any.whl", hash = "sha256:81a9e26dd42fd28a23a2d169d86d7ac03b46e2f8b59ed4698fb4785f946d0176", size = 1231151, upload-time = "2026-03-29T13:29:30.038Z" },
]

[[package]]
name = "pyright"
version = "1.1.410"
source = { registry = "https://pypi.org/simple" }
dependencies = [
    { name = "nodeenv" },
    { name = "typing-extensions" },
]
sdist = { url = "https://files.pythonhosted.org/packages/10/53/e4d8ea1391bd4355231be6f91bf239479aa0014260ed3fb5526eeb12a1f2/pyright-1.1.410.tar.gz", hash = "sha256:07a073b8ba6749826773c1269773efa11b93440d9a6aa60419d9a3172d6dc488", size = 4062013, upload-time = "2026-06-01T17:35:48.894Z" }
wheels = [
    { url = "https://files.pythonhosted.org/packages/d7/33/288b5868fa00846dacf249633719d747893e54aebd196b9968ac1878a5d3/pyright-1.1.410-py3-none-any.whl", hash = "sha256:5e961bed37cacf96b3f7cd7b1da39b350a9239aa2e69138d0e88f728cfaf296c", size = 6082448, upload-time = "2026-06-01T17:35:46.387Z" },
]

[[package]]
name = "pytest"
version = "8.4.2"
source = { registry = "https://pypi.org/simple" }
dependencies = [
    { name = "colorama", marker = "sys_platform == 'win32'" },
    { name = "iniconfig" },
    { name = "packaging" },
    { name = "pluggy" },
    { name = "pygments" },
]
sdist = { url = "https://files.pythonhosted.org/packages/a3/5c/00a0e072241553e1a7496d638deababa67c5058571567b92a7eaa258397c/pytest-8.4.2.tar.gz", hash = "sha256:86c0d0b93306b961d58d62a4db4879f27fe25513d4b969df351abdddb3c30e01", size = 1519618, upload-time = "2025-09-04T14:34:22.711Z" }
wheels = [
    { url = "https://files.pythonhosted.org/packages/a8/a4/20da314d277121d6534b3a980b29035dcd51e6744bd79075a6ce8fa4eb8d/pytest-8.4.2-py3-none-any.whl", hash = "sha256:872f880de3fc3a5bdc88a11b39c9710c3497a547cfa9320bc3c5e62fbf272e79", size = 365750, upload-time = "2025-09-04T14:34:20.226Z" },
]

[[package]]
name = "ruff"
version = "0.15.17"
source = { registry = "https://pypi.org/simple" }
sdist = { url = "https://files.pythonhosted.org/packages/8c/a9/3abdf488f1bf3d24c699415e454ed554a6350d5d89ce183be1ee0a3361ac/ruff-0.15.17.tar.gz", hash = "sha256:2ec446937fd16c8c4de2674a209cc5af64d9c6f17d21fbf1151054fa0bcf5219", size = 4743346, upload-time = "2026-06-11T17:54:47.663Z" }
wheels = [
    { url = "https://files.pythonhosted.org/packages/db/4d/e11259f5da07cb6afb2d074c31bf09da9671993f7329d4f15d2fdc458301/ruff-0.15.17-py3-none-linux_armv6l.whl", hash = "sha256:d9feddb927fc68bd295f5eebc587a7e42cfaf9b65f60ca4a2386febff575da8f", size = 10856677, upload-time = "2026-06-11T17:54:49.533Z" },
    { url = "https://files.pythonhosted.org/packages/29/3e/772d679e1a0dc058e58875bd2c0cb713a0530877b4a76fee3c7966df0d49/ruff-0.15.17-py3-none-macosx_10_12_x86_64.whl", hash = "sha256:25805a226d741c47d274a35ad5c10a7dde175fcddfa511d7cf3da0a21eb3eab7", size = 11223443, upload-time = "2026-06-11T17:55:00.573Z" },
    { url = "https://files.pythonhosted.org/packages/68/58/bd41f7688b2fd5623012605130ed70e60aa7f2244baa3d5066bdd61530c8/ruff-0.15.17-py3-none-macosx_11_0_arm64.whl", hash = "sha256:f6ad73b14c2d18a3bf8ad7cb6974294d7f613a7898604826058e6ac64918ef4d", size = 10566458, upload-time = "2026-06-11T17:55:07.52Z" },
    { url = "https://files.pythonhosted.org/packages/d8/5b/733371013fcf1ec339e477ece6ab42bfe10bdd9bba8ee88a9516aa56bfc0/ruff-0.15.17-py3-none-manylinux_2_17_aarch64.manylinux2014_aarch64.whl", hash = "sha256:6ba0c1e4f95bcb3869d0d30cbd5917071ef2e28665abfec970cdab0492c713ed", size = 10914483, upload-time = "2026-06-11T17:55:05.501Z" },
    { url = "https://files.pythonhosted.org/packages/bd/cc/6f24251cc0252f7239391ccb85833f320efad14ebe5b443943f37ced6332/ruff-0.15.17-py3-none-manylinux_2_17_armv7l.manylinux2014_armv7l.whl", hash = "sha256:81647960f10bff57d2e51cadd0c3950fe598400c852863a038720ef5b8cca91e", size = 10647497, upload-time = "2026-06-11T17:54:57.733Z" },
    { url = "https://files.pythonhosted.org/packages/68/dd/0d10c17ce1a1624d6fc3156309c3f834fdb5dfaad026ec90c85684f3990e/ruff-0.15.17-py3-none-manylinux_2_17_i686.manylinux2014_i686.whl", hash = "sha256:0e01a84ddbc8c16c23055ba3924476850f1bbc1917cebbb9376665a63e74260d", size = 11416967, upload-time = "2026-06-11T17:54:51.461Z" },
    { url = "https://files.pythonhosted.org/packages/2f/91/556bfb156f6144f355e831c23db00b2fc4120f86b3ce81cc5f7fd2df51f3/ruff-0.15.17-py3-none-manylinux_2_17_ppc64le.manylinux2014_ppc64le.whl", hash = "sha256:84fe9f653152f8f294f9f7e03bf3a453d8b4a27f7a59c78c8666167f2b17b96c", size = 12335770, upload-time = "2026-06-11T17:54:45.793Z" },
    { url = "https://files.pythonhosted.org/packages/88/82/8b5999aa13355e926f06d9f42a32dcca862f623bf0363785ff89d607dffd/ruff-0.15.17-py3-none-manylinux_2_17_s390x.manylinux2014_s390x.whl", hash = "sha256:8c0fe88a7676e7a05b73174d4d4a59cb2ac21ff8263583f87a81a6018475a978", size = 11575441, upload-time = "2026-06-11T17:54:32.661Z" },
    { url = "https://files.pythonhosted.org/packages/11/93/f10377bb04109ca0e8cbc483ff1982c54b6d418210041776f93e8cdc7fa9/ruff-0.15.17-py3-none-manylinux_2_17_x86_64.manylinux2014_x86_64.whl", hash = "sha256:ecfc3c7878fff94633ab0348524e093f9ce3243080416dd7d14f8ba400174719", size = 11557614, upload-time = "2026-06-11T17:54:34.698Z" },
    { url = "https://files.pythonhosted.org/packages/c7/a6/eeeae7f7d5493df41649ab3db92f086b2d0a30199e4efdf8e3dd7a033f24/ruff-0.15.17-py3-none-manylinux_2_31_riscv64.whl", hash = "sha256:b8461180b22420b1bdc289909410930761629fddf2a5aaf60fae1ab26cedc4c4", size = 11544450, upload-time = "2026-06-11T17:54:39.042Z" },
    { url = "https://files.pythonhosted.org/packages/32/88/5991ce565129a24dd4a00db1254b3b5db2e53018cbe4018ea5a89738e727/ruff-0.15.17-py3-none-musllinux_1_2_aarch64.whl", hash = "sha256:6eccbe50a038b503e7140b441aa9c7fc8c1f36edf23ebef9f4165c2f28f568b7", size = 10892524, upload-time = "2026-06-11T17:55:09.432Z" },
    { url = "https://files.pythonhosted.org/packages/f5/1d/0fdd248313425f55223968af04b0a42125466a8d88d21c1d99c6af0a51e8/ruff-0.15.17-py3-none-musllinux_1_2_armv7l.whl", hash = "sha256:382fc0521025f5a8ad447d8bdd523545d0d7646adb718eb1c2dac5065ec27c0f", size = 10659573, upload-time = "2026-06-11T17:54:36.824Z" },
    { url = "https://files.pythonhosted.org/packages/9e/0e/072e8260deb9461062ce9311ced27a8e541229a6ffd483013dd37661e43e/ruff-0.15.17-py3-none-musllinux_1_2_i686.whl", hash = "sha256:456d41fcd1b2777ad63f09a6e7121d43f7b688bbc76a800c10f7f8fb1f912c3f", size = 11127818, upload-time = "2026-06-11T17:55:03.124Z" },
    { url = "https://files.pythonhosted.org/packages/ab/b4/55060a34163121498014696b5f656db5b8c6963768f227dbf0d76b311073/ruff-0.15.17-py3-none-musllinux_1_2_x86_64.whl", hash = "sha256:b1a04bcc94ae6194e9db05d16ad31f298a7194bfbcb08258bbe589cee1d587b8", size = 11655901, upload-time = "2026-06-11T17:54:53.562Z" },
    { url = "https://files.pythonhosted.org/packages/49/71/9b29d6b87cef468d697f43c6a91e3fae4a80185779d7d5a4ef27d173439f/ruff-0.15.17-py3-none-win32.whl", hash = "sha256:596065960ab1ff593f744220c9fe6580eda00a95003cffa9f4048bb5b1bf0392", size = 10925574, upload-time = "2026-06-11T17:54:55.723Z" },
    { url = "https://files.pythonhosted.org/packages/3d/b2/8fc77f3723228836fa5d12497eb71c808f83782e10d058d2b15cfa14640b/ruff-0.15.17-py3-none-win_amd64.whl", hash = "sha256:6769e5fa1710b179b92e0bfa5a51735b35baea9013dadb06d5f44cbcf9547084", size = 12058788, upload-time = "2026-06-11T17:54:41.042Z" },
    { url = "https://files.pythonhosted.org/packages/2d/c7/c53e8dbff9c9dc4b7928773421ae294a5d28fcb8dcda1a089579d3a7e510/ruff-0.15.17-py3-none-win_arm64.whl", hash = "sha256:f3be1fbb34bcdfd146240d8fb92a709d4c2c8191348580a3c044ec60fa0b4456", size = 11355275, upload-time = "2026-06-11T17:54:43.635Z" },
]

[[package]]
name = "sortedcontainers"
version = "2.4.0"
source = { registry = "https://pypi.org/simple" }
sdist = { url = "https://files.pythonhosted.org/packages/e8/c4/ba2f8066cceb6f23394729afe52f3bf7adec04bf9ed2c820b39e19299111/sortedcontainers-2.4.0.tar.gz", hash = "sha256:25caa5a06cc30b6b83d11423433f65d1f9d76c4c6a0c90e3379eaa43b9bfdb88", size = 30594, upload-time = "2021-05-16T22:03:42.897Z" }
wheels = [
    { url = "https://files.pythonhosted.org/packages/32/46/9cb0e58b2deb7f82b84065f37f3bffeb12413f947f9388e4cac22c4621ce/sortedcontainers-2.4.0-py2.py3-none-any.whl", hash = "sha256:a163dcaede0f1c021485e957a39245190e74249897e2ae4b2aa38595db237ee0", size = 29575, upload-time = "2021-05-16T22:03:41.177Z" },
]

[[package]]
name = "typing-extensions"
version = "4.15.0"
source = { registry = "https://pypi.org/simple" }
sdist = { url = "https://files.pythonhosted.org/packages/72/94/1a15dd82efb362ac84269196e94cf00f187f7ed21c242792a923cdb1c61f/typing_extensions-4.15.0.tar.gz", hash = "sha256:0cea48d173cc12fa28ecabc3b837ea3cf6f38c6d1136f85cbaaf598984861466", size = 109391, upload-time = "2025-08-25T13:49:26.313Z" }
wheels = [
    { url = "https://files.pythonhosted.org/packages/18/67/36e9267722cc04a6b9f15c7f3441c2363321a3ea07da7ae0c0707beb2a9c/typing_extensions-4.15.0-py3-none-any.whl", hash = "sha256:f0fa19c6845758ab08074a0cfa8b7aecb71c999ca73d62883bc25cc018c4e548", size = 44614, upload-time = "2025-08-25T13:49:24.86Z" },
]

[[package]]
name = "voxel-sandbox"
version = "0.1.0"
source = { editable = "." }
dependencies = [
    { name = "moderngl" },
    { name = "numpy" },
    { name = "pillow" },
    { name = "pyglet" },
]

[package.dev-dependencies]
dev = [
    { name = "hypothesis" },
    { name = "pyright" },
    { name = "pytest" },
    { name = "ruff" },
]

[package.metadata]
requires-dist = [
    { name = "moderngl", specifier = ">=5.12.0,<6" },
    { name = "numpy", specifier = ">=2.2.0,<3" },
    { name = "pillow", specifier = ">=11.0.0,<12" },
    { name = "pyglet", specifier = ">=2.1.0,<3" },
]

[package.metadata.requires-dev]
dev = [
    { name = "hypothesis", specifier = ">=6.0,<7" },
    { name = "pyright", specifier = ">=1.1.400,<2" },
    { name = "pytest", specifier = ">=8.3.0,<9" },
    { name = "ruff", specifier = ">=0.11.0,<1" },
]
